
Microsoft Visual Studio Solution File, Format Version 10.00
# Visual Studio 2008
Project("{FAE04EC0-301F-11D3-BF4B-00C04F79EFBC}") = "SearchWSW", "SearchWSW.csproj", "{51271806-2326-4F64-9778-BE4754CEA6B2}"
EndProject
Project("{FAE04EC0-301F-11D3-BF4B-00C04F79EFBC}") = "WSData", "..\WSData\WSData.csproj", "{76B97CCA-4779-4EF0-9313-3052C8BC83F2}"
EndProject
Project("{E24C65DC-7377-472B-9ABA-BC803B73C61A}") = "WSServer", "..\WSServer\", "{55B59E36-DC55-4AEA-81C1-9E7AF1D57DA6}"
	ProjectSection(WebsiteProperties) = preProject
		TargetFramework = "2.0"
		Debug.AspNetCompiler.VirtualPath = "/WSServer"
		Debug.AspNetCompiler.PhysicalPath = "..\WSServer\"
		Debug.AspNetCompiler.TargetPath = "PrecompiledWeb\WSServer\"
		Debug.AspNetCompiler.Updateable = "true"
		Debug.AspNetCompiler.ForceOverwrite = "true"
		Debug.AspNetCompiler.FixedNames = "false"
		Debug.AspNetCompiler.Debug = "True"
		Release.AspNetCompiler.VirtualPath = "/WSServer"
		Release.AspNetCompiler.PhysicalPath = "..\WSServer\"
		Release.AspNetCompiler.TargetPath = "PrecompiledWeb\WSServer\"
		Release.AspNetCompiler.Updateable = "true"
		Release.AspNetCompiler.ForceOverwrite = "true"
		Release.AspNetCompiler.FixedNames = "false"
		Release.AspNetCompiler.Debug = "False"
		VWDPort = "5432"
		DefaultWebSiteLanguage = "Visual C#"
	EndProjectSection
EndProject
Global
	GlobalSection(SolutionConfigurationPlatforms) = preSolution
		Debug|.NET = Debug|.NET
		Debug|Any CPU = Debug|Any CPU
		Debug|Mixed Platforms = Debug|Mixed Platforms
		Release|.NET = Release|.NET
		Release|Any CPU = Release|Any CPU
		Release|Mixed Platforms = Release|Mixed Platforms
	EndGlobalSection
	GlobalSection(ProjectConfigurationPlatforms) = postSolution
		{51271806-2326-4F64-9778-BE4754CEA6B2}.Debug|.NET.ActiveCfg = Debug|Any CPU
		{51271806-2326-4F64-9778-BE4754CEA6B2}.Debug|Any CPU.ActiveCfg = Debug|Any CPU
		{51271806-2326-4F64-9778-BE4754CEA6B2}.Debug|Any CPU.Build.0 = Debug|Any CPU
		{51271806-2326-4F64-9778-BE4754CEA6B2}.Debug|Mixed Platforms.ActiveCfg = Debug|Any CPU
		{51271806-2326-4F64-9778-BE4754CEA6B2}.Debug|Mixed Platforms.Build.0 = Debug|Any CPU
		{51271806-2326-4F64-9778-BE4754CEA6B2}.Release|.NET.ActiveCfg = Release|Any CPU
		{51271806-2326-4F64-9778-BE4754CEA6B2}.Release|Any CPU.ActiveCfg = Release|Any CPU
		{51271806-2326-4F64-9778-BE4754CEA6B2}.Release|Any CPU.Build.0 = Release|Any CPU
		{51271806-2326-4F64-9778-BE4754CEA6B2}.Release|Mixed Platforms.ActiveCfg = Release|Any CPU
		{51271806-2326-4F64-9778-BE4754CEA6B2}.Release|Mixed Platforms.Build.0 = Release|Any CPU
		{76B97CCA-4779-4EF0-9313-3052C8BC83F2}.Debug|.NET.ActiveCfg = Debug|Any CPU
		{76B97CCA-4779-4EF0-9313-3052C8BC83F2}.Debug|Any CPU.ActiveCfg = Debug|Any CPU
		{76B97CCA-4779-4EF0-9313-3052C8BC83F2}.Debug|Any CPU.Build.0 = Debug|Any CPU
		{76B97CCA-4779-4EF0-9313-3052C8BC83F2}.Debug|Mixed Platforms.ActiveCfg = Debug|Any CPU
		{76B97CCA-4779-4EF0-9313-3052C8BC83F2}.Debug|Mixed Platforms.Build.0 = Debug|Any CPU
		{76B97CCA-4779-4EF0-9313-3052C8BC83F2}.Release|.NET.ActiveCfg = Release|Any CPU
		{76B97CCA-4779-4EF0-9313-3052C8BC83F2}.Release|Any CPU.ActiveCfg = Release|Any CPU
		{76B97CCA-4779-4EF0-9313-3052C8BC83F2}.Release|Any CPU.Build.0 = Release|Any CPU
		{76B97CCA-4779-4EF0-9313-3052C8BC83F2}.Release|Mixed Platforms.ActiveCfg = Release|Any CPU
		{76B97CCA-4779-4EF0-9313-3052C8BC83F2}.Release|Mixed Platforms.Build.0 = Release|Any CPU
		{55B59E36-DC55-4AEA-81C1-9E7AF1D57DA6}.Debug|.NET.ActiveCfg = Debug|.NET
		{55B59E36-DC55-4AEA-81C1-9E7AF1D57DA6}.Debug|.NET.Build.0 = Debug|.NET
		{55B59E36-DC55-4AEA-81C1-9E7AF1D57DA6}.Debug|Any CPU.ActiveCfg = Debug|.NET
		{55B59E36-DC55-4AEA-81C1-9E7AF1D57DA6}.Debug|Mixed Platforms.ActiveCfg = Debug|.NET
		{55B59E36-DC55-4AEA-81C1-9E7AF1D57DA6}.Debug|Mixed Platforms.Build.0 = Debug|.NET
		{55B59E36-DC55-4AEA-81C1-9E7AF1D57DA6}.Release|.NET.ActiveCfg = Debug|.NET
		{55B59E36-DC55-4AEA-81C1-9E7AF1D57DA6}.Release|.NET.Build.0 = Debug|.NET
		{55B59E36-DC55-4AEA-81C1-9E7AF1D57DA6}.Release|Any CPU.ActiveCfg = Debug|.NET
		{55B59E36-DC55-4AEA-81C1-9E7AF1D57DA6}.Release|Mixed Platforms.ActiveCfg = Debug|.NET
		{55B59E36-DC55-4AEA-81C1-9E7AF1D57DA6}.Release|Mixed Platforms.Build.0 = Debug|.NET
	EndGlobalSection
	GlobalSection(SolutionProperties) = preSolution
		HideSolutionNode = FALSE
	EndGlobalSection
EndGlobal
